
Microsoft Visual Studio Solution File, Format Version 12.00
# Visual Studio Version 17
VisualStudioVersion = 17.10.35122.118
MinimumVisualStudioVersion = 10.0.40219.1
Project("{9A19103F-16F7-4668-BE54-9A1E7A4F7556}") = "Bank1", "TheBank\Bank1.csproj", "{45BDBA75-F181-4723-9490-D476FFC64C2D}"
EndProject
Project("{9A19103F-16F7-4668-BE54-9A1E7A4F7556}") = "Bank2", "Bank2\Bank2.csproj", "{5BE93968-95C7-4EA9-8084-B44E9D128151}"
EndProject
Project("{FAE04EC0-301F-11D3-BF4B-00C04F79EFBC}") = "Bank3", "Bank3\Bank3.csproj", "{0CFC07EE-DC0B-4B7C-B317-F055F14C7323}"
EndProject
Global
	GlobalSection(SolutionConfigurationPlatforms) = preSolution
		Debug|Any CPU = Debug|Any CPU
		Release|Any CPU = Release|Any CPU
	EndGlobalSection
	GlobalSection(ProjectConfigurationPlatforms) = postSolution
		{45BDBA75-F181-4723-9490-D476FFC64C2D}.Debug|Any CPU.ActiveCfg = Debug|Any CPU
		{45BDBA75-F181-4723-9490-D476FFC64C2D}.Debug|Any CPU.Build.0 = Debug|Any CPU
		{45BDBA75-F181-4723-9490-D476FFC64C2D}.Release|Any CPU.ActiveCfg = Release|Any CPU
		{45BDBA75-F181-4723-9490-D476FFC64C2D}.Release|Any CPU.Build.0 = Release|Any CPU
		{5BE93968-95C7-4EA9-8084-B44E9D128151}.Debug|Any CPU.ActiveCfg = Debug|Any CPU
		{5BE93968-95C7-4EA9-8084-B44E9D128151}.Debug|Any CPU.Build.0 = Debug|Any CPU
		{5BE93968-95C7-4EA9-8084-B44E9D128151}.Release|Any CPU.ActiveCfg = Release|Any CPU
		{5BE93968-95C7-4EA9-8084-B44E9D128151}.Release|Any CPU.Build.0 = Release|Any CPU
		{0CFC07EE-DC0B-4B7C-B317-F055F14C7323}.Debug|Any CPU.ActiveCfg = Debug|Any CPU
		{0CFC07EE-DC0B-4B7C-B317-F055F14C7323}.Debug|Any CPU.Build.0 = Debug|Any CPU
		{0CFC07EE-DC0B-4B7C-B317-F055F14C7323}.Release|Any CPU.ActiveCfg = Release|Any CPU
		{0CFC07EE-DC0B-4B7C-B317-F055F14C7323}.Release|Any CPU.Build.0 = Release|Any CPU
	EndGlobalSection
	GlobalSection(SolutionProperties) = preSolution
		HideSolutionNode = FALSE
	EndGlobalSection
	GlobalSection(ExtensibilityGlobals) = postSolution
		SolutionGuid = {B8B788F1-97F5-4C4B-A54F-28895E2AF092}
	EndGlobalSection
EndGlobal
